
Microsoft Visual Studio Solution File, Format Version 12.00
# Visual Studio Version 17
VisualStudioVersion = 17.14.36930.0 d17.14
MinimumVisualStudioVersion = 10.0.40219.1
Project("{8BC9CEB8-8B4A-11D0-8D11-00A0C91BC942}") = "pr12_syspr", "pr12_syspr\pr12_syspr.vcxproj", "{8BA053BD-3C20-4645-86F2-BCABFB5947CF}"
EndProject
Project("{8BC9CEB8-8B4A-11D0-8D11-00A0C91BC942}") = "Printer", "Printer\Printer.vcxproj", "{668A7CCB-1705-4BF3-8661-79F23A71AA37}"
EndProject
Project("{8BC9CEB8-8B4A-11D0-8D11-00A0C91BC942}") = "Client", "Client\Client.vcxproj", "{61ED4120-918E-4A70-933F-0AA06E7F014C}"
EndProject
Global
	GlobalSection(SolutionConfigurationPlatforms) = preSolution
		Debug|x64 = Debug|x64
		Debug|x86 = Debug|x86
		Release|x64 = Release|x64
		Release|x86 = Release|x86
	EndGlobalSection
	GlobalSection(ProjectConfigurationPlatforms) = postSolution
		{8BA053BD-3C20-4645-86F2-BCABFB5947CF}.Debug|x64.ActiveCfg = Debug|x64
		{8BA053BD-3C20-4645-86F2-BCABFB5947CF}.Debug|x64.Build.0 = Debug|x64
		{8BA053BD-3C20-4645-86F2-BCABFB5947CF}.Debug|x86.ActiveCfg = Debug|Win32
		{8BA053BD-3C20-4645-86F2-BCABFB5947CF}.Debug|x86.Build.0 = Debug|Win32
		{8BA053BD-3C20-4645-86F2-BCABFB5947CF}.Release|x64.ActiveCfg = Release|x64
		{8BA053BD-3C20-4645-86F2-BCABFB5947CF}.Release|x64.Build.0 = Release|x64
		{8BA053BD-3C20-4645-86F2-BCABFB5947CF}.Release|x86.ActiveCfg = Release|Win32
		{8BA053BD-3C20-4645-86F2-BCABFB5947CF}.Release|x86.Build.0 = Release|Win32
		{668A7CCB-1705-4BF3-8661-79F23A71AA37}.Debug|x64.ActiveCfg = Debug|x64
		{668A7CCB-1705-4BF3-8661-79F23A71AA37}.Debug|x64.Build.0 = Debug|x64
		{668A7CCB-1705-4BF3-8661-79F23A71AA37}.Debug|x86.ActiveCfg = Debug|Win32
		{668A7CCB-1705-4BF3-8661-79F23A71AA37}.Debug|x86.Build.0 = Debug|Win32
		{668A7CCB-1705-4BF3-8661-79F23A71AA37}.Release|x64.ActiveCfg = Release|x64
		{668A7CCB-1705-4BF3-8661-79F23A71AA37}.Release|x64.Build.0 = Release|x64
		{668A7CCB-1705-4BF3-8661-79F23A71AA37}.Release|x86.ActiveCfg = Release|Win32
		{668A7CCB-1705-4BF3-8661-79F23A71AA37}.Release|x86.Build.0 = Release|Win32
		{61ED4120-918E-4A70-933F-0AA06E7F014C}.Debug|x64.ActiveCfg = Debug|x64
		{61ED4120-918E-4A70-933F-0AA06E7F014C}.Debug|x64.Build.0 = Debug|x64
		{61ED4120-918E-4A70-933F-0AA06E7F014C}.Debug|x86.ActiveCfg = Debug|Win32
		{61ED4120-918E-4A70-933F-0AA06E7F014C}.Debug|x86.Build.0 = Debug|Win32
		{61ED4120-918E-4A70-933F-0AA06E7F014C}.Release|x64.ActiveCfg = Release|x64
		{61ED4120-918E-4A70-933F-0AA06E7F014C}.Release|x64.Build.0 = Release|x64
		{61ED4120-918E-4A70-933F-0AA06E7F014C}.Release|x86.ActiveCfg = Release|Win32
		{61ED4120-918E-4A70-933F-0AA06E7F014C}.Release|x86.Build.0 = Release|Win32
	EndGlobalSection
	GlobalSection(SolutionProperties) = preSolution
		HideSolutionNode = FALSE
	EndGlobalSection
	GlobalSection(ExtensibilityGlobals) = postSolution
		SolutionGuid = {6C5D764C-9DF7-49A5-8BC6-549BAC531265}
	EndGlobalSection
EndGlobal
